
Microsoft Visual Studio Solution File, Format Version 12.00
# Visual Studio Version 17
VisualStudioVersion = 17.6.33801.468
MinimumVisualStudioVersion = 10.0.40219.1
Project("{FAE04EC0-301F-11D3-BF4B-00C04F79EFBC}") = "MvcNet6", "MvcNet6\MvcNet6.csproj", "{CF0ABA75-9B45-436F-8928-DE7FEE15E729}"
EndProject
Global
	GlobalSection(SolutionConfigurationPlatforms) = preSolution
		Debug|Any CPU = Debug|Any CPU
		Release|Any CPU = Release|Any CPU
	EndGlobalSection
	GlobalSection(ProjectConfigurationPlatforms) = postSolution
		{CF0ABA75-9B45-436F-8928-DE7FEE15E729}.Debug|Any CPU.ActiveCfg = Debug|Any CPU
		{CF0ABA75-9B45-436F-8928-DE7FEE15E729}.Debug|Any CPU.Build.0 = Debug|Any CPU
		{CF0ABA75-9B45-436F-8928-DE7FEE15E729}.Release|Any CPU.ActiveCfg = Release|Any CPU
		{CF0ABA75-9B45-436F-8928-DE7FEE15E729}.Release|Any CPU.Build.0 = Release|Any CPU
	EndGlobalSection
	GlobalSection(SolutionProperties) = preSolution
		HideSolutionNode = FALSE
	EndGlobalSection
	GlobalSection(ExtensibilityGlobals) = postSolution
		SolutionGuid = {D8910DB0-B746-45C9-B84A-F9A20DA8E4ED}
	EndGlobalSection
EndGlobal
